// !$*UTF8*$!
{
	archiveVersion = 1;
	classes = {
	};
	objectVersion = 46;
	objects = {

/* Begin PBXBuildFile section */
		BF1A5AEA1A1FFAE000DC769C /* femsa logo.png in Resources */ = {isa = PBXBuildFile; fileRef = BF1A5AE91A1FFAE000DC769C /* femsa logo.png */; };
		BF3662231A12B41D00705ECA /* juego.jpg in Resources */ = {isa = PBXBuildFile; fileRef = BF3662221A12B41D00705ECA /* juego.jpg */; };
		BF3662251A12B54500705ECA /* juego.png in Resources */ = {isa = PBXBuildFile; fileRef = BF3662241A12B54500705ECA /* juego.png */; };
		BF3662291A12B5DB00705ECA /* coke01.png in Resources */ = {isa = PBXBuildFile; fileRef = BF3662261A12B5DB00705ECA /* coke01.png */; };
		BF36622A1A12B5DB00705ECA /* coke02.png in Resources */ = {isa = PBXBuildFile; fileRef = BF3662271A12B5DB00705ECA /* coke02.png */; };
		BF36622B1A12B5DB00705ECA /* coke03.png in Resources */ = {isa = PBXBuildFile; fileRef = BF3662281A12B5DB00705ECA /* coke03.png */; };
		BF36622F1A1305DD00705ECA /* KCOPDFViewerVC.swift in Sources */ = {isa = PBXBuildFile; fileRef = BF36622E1A1305DD00705ECA /* KCOPDFViewerVC.swift */; };
		BF64C4BB1A1523EC00A226CE /* ManualRH.pdf in Resources */ = {isa = PBXBuildFile; fileRef = BF64C4B91A1523EC00A226CE /* ManualRH.pdf */; };
		C011119A1A04042F00A8C77A /* IQNSArray+Sort.swift in Sources */ = {isa = PBXBuildFile; fileRef = C01111891A04042F00A8C77A /* IQNSArray+Sort.swift */; };
		C011119B1A04042F00A8C77A /* IQUIView+Hierarchy.swift in Sources */ = {isa = PBXBuildFile; fileRef = C011118A1A04042F00A8C77A /* IQUIView+Hierarchy.swift */; };
		C011119C1A04042F00A8C77A /* IQUIWindow+Hierarchy.swift in Sources */ = {isa = PBXBuildFile; fileRef = C011118B1A04042F00A8C77A /* IQUIWindow+Hierarchy.swift */; };
		C011119D1A04042F00A8C77A /* IQKeyboardManagerConstants.swift in Sources */ = {isa = PBXBuildFile; fileRef = C011118D1A04042F00A8C77A /* IQKeyboardManagerConstants.swift */; };
		C011119E1A04042F00A8C77A /* IQKeyboardManagerConstantsInternal.swift in Sources */ = {isa = PBXBuildFile; fileRef = C011118E1A04042F00A8C77A /* IQKeyboardManagerConstantsInternal.swift */; };
		C011119F1A04042F00A8C77A /* IQKeyboardManager.swift in Sources */ = {isa = PBXBuildFile; fileRef = C011118F1A04042F00A8C77A /* IQKeyboardManager.swift */; };
		C01111A01A04042F00A8C77A /* IQKeyboardReturnKeyHandler.swift in Sources */ = {isa = PBXBuildFile; fileRef = C01111901A04042F00A8C77A /* IQKeyboardReturnKeyHandler.swift */; };
		C01111A11A04042F00A8C77A /* IQTextView.swift in Sources */ = {isa = PBXBuildFile; fileRef = C01111921A04042F00A8C77A /* IQTextView.swift */; };
		C01111A21A04042F00A8C77A /* IQBarButtonItem.swift in Sources */ = {isa = PBXBuildFile; fileRef = C01111941A04042F00A8C77A /* IQBarButtonItem.swift */; };
		C01111A31A04042F00A8C77A /* IQTitleBarButtonItem.swift in Sources */ = {isa = PBXBuildFile; fileRef = C01111951A04042F00A8C77A /* IQTitleBarButtonItem.swift */; };
		C01111A41A04042F00A8C77A /* IQToolbar.swift in Sources */ = {isa = PBXBuildFile; fileRef = C01111961A04042F00A8C77A /* IQToolbar.swift */; };
		C01111A51A04042F00A8C77A /* IQUIView+IQKeyboardToolbar.swift in Sources */ = {isa = PBXBuildFile; fileRef = C01111971A04042F00A8C77A /* IQUIView+IQKeyboardToolbar.swift */; };
		C01111A61A04042F00A8C77A /* IQKeyboardManager.bundle in Resources */ = {isa = PBXBuildFile; fileRef = C01111991A04042F00A8C77A /* IQKeyboardManager.bundle */; };
		C01111AA1A0409B000A8C77A /* KOFDemoTV.mov in Resources */ = {isa = PBXBuildFile; fileRef = C01111A91A0409B000A8C77A /* KOFDemoTV.mov */; };
		C0161BF31A02BF9800010370 /* KCOPerfil.swift in Sources */ = {isa = PBXBuildFile; fileRef = C0161BF21A02BF9800010370 /* KCOPerfil.swift */; };
		C0161BF51A02BFC600010370 /* KCOAgenda.swift in Sources */ = {isa = PBXBuildFile; fileRef = C0161BF41A02BFC600010370 /* KCOAgenda.swift */; };
		C0161BF71A02C01A00010370 /* KCOBolsaDeTrabajo.swift in Sources */ = {isa = PBXBuildFile; fileRef = C0161BF61A02C01A00010370 /* KCOBolsaDeTrabajo.swift */; };
		C0161BF91A02C04900010370 /* KCOChat.swift in Sources */ = {isa = PBXBuildFile; fileRef = C0161BF81A02C04900010370 /* KCOChat.swift */; };
		C0161BFB1A02C06800010370 /* KCOMuro.swift in Sources */ = {isa = PBXBuildFile; fileRef = C0161BFA1A02C06800010370 /* KCOMuro.swift */; };
		C0161BFD1A02C07C00010370 /* KCOCalendario.swift in Sources */ = {isa = PBXBuildFile; fileRef = C0161BFC1A02C07C00010370 /* KCOCalendario.swift */; };
		C0161BFF1A02C0AA00010370 /* KCOArticulo.swift in Sources */ = {isa = PBXBuildFile; fileRef = C0161BFE1A02C0AA00010370 /* KCOArticulo.swift */; };
		C0161C051A02C28600010370 /* MediaPlayer.framework in Frameworks */ = {isa = PBXBuildFile; fileRef = C0161C041A02C28500010370 /* MediaPlayer.framework */; };
		C0161C091A02C3E500010370 /* KCOVideo.swift in Sources */ = {isa = PBXBuildFile; fileRef = C0161C081A02C3E500010370 /* KCOVideo.swift */; };
		C0161C0B1A02C6D000010370 /* KCOJuego.swift in Sources */ = {isa = PBXBuildFile; fileRef = C0161C0A1A02C6D000010370 /* KCOJuego.swift */; };
		C0161C101A02DF8400010370 /* Booklet.jpg in Resources */ = {isa = PBXBuildFile; fileRef = C0161C0F1A02DF8400010370 /* Booklet.jpg */; };
		C0161C181A02E4CB00010370 /* Articulo01.png in Resources */ = {isa = PBXBuildFile; fileRef = C0161C111A02E4CB00010370 /* Articulo01.png */; };
		C0161C1E1A02E4CB00010370 /* BackgroundArticulos.jpg in Resources */ = {isa = PBXBuildFile; fileRef = C0161C171A02E4CB00010370 /* BackgroundArticulos.jpg */; };
		C0AD929C1A01637300EF3884 /* KCOMenu.swift in Sources */ = {isa = PBXBuildFile; fileRef = C0AD929B1A01637300EF3884 /* KCOMenu.swift */; };
		C0AD92A21A017DF000EF3884 /* KCOMenuLiderazgo.swift in Sources */ = {isa = PBXBuildFile; fileRef = C0AD92A11A017DF000EF3884 /* KCOMenuLiderazgo.swift */; };
		C0AD92A41A0181E000EF3884 /* KCOBooklet.swift in Sources */ = {isa = PBXBuildFile; fileRef = C0AD92A31A0181E000EF3884 /* KCOBooklet.swift */; };
		C0BB75661A00B3AA00B6D5BE /* AppDelegate.swift in Sources */ = {isa = PBXBuildFile; fileRef = C0BB75651A00B3AA00B6D5BE /* AppDelegate.swift */; };
		C0BB75681A00B3AA00B6D5BE /* ViewController.swift in Sources */ = {isa = PBXBuildFile; fileRef = C0BB75671A00B3AA00B6D5BE /* ViewController.swift */; };
		C0BB756B1A00B3AA00B6D5BE /* Main.storyboard in Resources */ = {isa = PBXBuildFile; fileRef = C0BB75691A00B3AA00B6D5BE /* Main.storyboard */; };
		C0BB756D1A00B3AA00B6D5BE /* Images.xcassets in Resources */ = {isa = PBXBuildFile; fileRef = C0BB756C1A00B3AA00B6D5BE /* Images.xcassets */; };
		C0BB75701A00B3AA00B6D5BE /* LaunchScreen.xib in Resources */ = {isa = PBXBuildFile; fileRef = C0BB756E1A00B3AA00B6D5BE /* LaunchScreen.xib */; };
		C0BB757C1A00B3AA00B6D5BE /* FemsaTests.swift in Sources */ = {isa = PBXBuildFile; fileRef = C0BB757B1A00B3AA00B6D5BE /* FemsaTests.swift */; };
		C0BB75911A00BCE600B6D5BE /* 1.Splash.jpg in Resources */ = {isa = PBXBuildFile; fileRef = C0BB75851A00BCE600B6D5BE /* 1.Splash.jpg */; };
		C0BB75921A00BCE600B6D5BE /* 2.Login.jpg in Resources */ = {isa = PBXBuildFile; fileRef = C0BB75861A00BCE600B6D5BE /* 2.Login.jpg */; };
		C0BB75931A00BCE600B6D5BE /* 3.Main-MenuA.jpg in Resources */ = {isa = PBXBuildFile; fileRef = C0BB75871A00BCE600B6D5BE /* 3.Main-MenuA.jpg */; };
		C0BB75941A00BCE600B6D5BE /* 4.Main-Menu.jpg in Resources */ = {isa = PBXBuildFile; fileRef = C0BB75881A00BCE600B6D5BE /* 4.Main-Menu.jpg */; };
		C0BB75951A00BCE600B6D5BE /* 5.Home.jpg in Resources */ = {isa = PBXBuildFile; fileRef = C0BB75891A00BCE600B6D5BE /* 5.Home.jpg */; };
		C0BB75961A00BCE600B6D5BE /* 6.articulos.jpg in Resources */ = {isa = PBXBuildFile; fileRef = C0BB758A1A00BCE600B6D5BE /* 6.articulos.jpg */; };
		C0BB75971A00BCE600B6D5BE /* 7.Calendar.jpg in Resources */ = {isa = PBXBuildFile; fileRef = C0BB758B1A00BCE600B6D5BE /* 7.Calendar.jpg */; };
		C0BB75981A00BCE600B6D5BE /* 8.chat.jpg in Resources */ = {isa = PBXBuildFile; fileRef = C0BB758C1A00BCE600B6D5BE /* 8.chat.jpg */; };
		C0BB75991A00BCE600B6D5BE /* 9.juego.jpg in Resources */ = {isa = PBXBuildFile; fileRef = C0BB758D1A00BCE600B6D5BE /* 9.juego.jpg */; };
		C0BB759A1A00BCE600B6D5BE /* 10.muro.jpg in Resources */ = {isa = PBXBuildFile; fileRef = C0BB758E1A00BCE600B6D5BE /* 10.muro.jpg */; };
		C0BB759C1A00BCE600B6D5BE /* 12.menuIndEmpleo.jpg in Resources */ = {isa = PBXBuildFile; fileRef = C0BB75901A00BCE600B6D5BE /* 12.menuIndEmpleo.jpg */; };
		C0BB759E1A00D6C400B6D5BE /* 11.videos.jpg in Resources */ = {isa = PBXBuildFile; fileRef = C0BB759D1A00D6C400B6D5BE /* 11.videos.jpg */; };
		C0C41AC91A13CEBA000A7472 /* KCOComercialGameVC.swift in Sources */ = {isa = PBXBuildFile; fileRef = C0C41AC81A13CEBA000A7472 /* KCOComercialGameVC.swift */; };
		C0C41ACB1A13E9E7000A7472 /* poster.png in Resources */ = {isa = PBXBuildFile; fileRef = C0C41ACA1A13E9E7000A7472 /* poster.png */; };
		C0E80D4E1A13CA3B0020AF9D /* JuegoComercial.jpeg in Resources */ = {isa = PBXBuildFile; fileRef = C0E80D4D1A13CA3B0020AF9D /* JuegoComercial.jpeg */; };
/* End PBXBuildFile section */

/* Begin PBXContainerItemProxy section */
		C0BB75761A00B3AA00B6D5BE /* PBXContainerItemProxy */ = {
			isa = PBXContainerItemProxy;
			containerPortal = C0BB75581A00B3A900B6D5BE /* Project object */;
			proxyType = 1;
			remoteGlobalIDString = C0BB755F1A00B3A900B6D5BE;
			remoteInfo = Femsa;
		};
/* End PBXContainerItemProxy section */

/* Begin PBXFileReference section */
		BF1A5AE91A1FFAE000DC769C /* femsa logo.png */ = {isa = PBXFileReference; lastKnownFileType = image.png; path = "femsa logo.png"; sourceTree = "<group>"; };
		BF3662221A12B41D00705ECA /* juego.jpg */ = {isa = PBXFileReference; lastKnownFileType = image.jpeg; path = juego.jpg; sourceTree = "<group>"; };
		BF3662241A12B54500705ECA /* juego.png */ = {isa = PBXFileReference; lastKnownFileType = image.png; path = juego.png; sourceTree = "<group>"; };
		BF3662261A12B5DB00705ECA /* coke01.png */ = {isa = PBXFileReference; lastKnownFileType = image.png; path = coke01.png; sourceTree = "<group>"; };
		BF3662271A12B5DB00705ECA /* coke02.png */ = {isa = PBXFileReference; lastKnownFileType = image.png; path = coke02.png; sourceTree = "<group>"; };
		BF3662281A12B5DB00705ECA /* coke03.png */ = {isa = PBXFileReference; lastKnownFileType = image.png; path = coke03.png; sourceTree = "<group>"; };
		BF36622E1A1305DD00705ECA /* KCOPDFViewerVC.swift */ = {isa = PBXFileReference; fileEncoding = 4; lastKnownFileType = sourcecode.swift; path = KCOPDFViewerVC.swift; sourceTree = "<group>"; };
		BF64C4B91A1523EC00A226CE /* ManualRH.pdf */ = {isa = PBXFileReference; lastKnownFileType = image.pdf; path = ManualRH.pdf; sourceTree = "<group>"; };
		C01111891A04042F00A8C77A /* IQNSArray+Sort.swift */ = {isa = PBXFileReference; fileEncoding = 4; lastKnownFileType = sourcecode.swift; path = "IQNSArray+Sort.swift"; sourceTree = "<group>"; };
		C011118A1A04042F00A8C77A /* IQUIView+Hierarchy.swift */ = {isa = PBXFileReference; fileEncoding = 4; lastKnownFileType = sourcecode.swift; path = "IQUIView+Hierarchy.swift"; sourceTree = "<group>"; };
		C011118B1A04042F00A8C77A /* IQUIWindow+Hierarchy.swift */ = {isa = PBXFileReference; fileEncoding = 4; lastKnownFileType = sourcecode.swift; path = "IQUIWindow+Hierarchy.swift"; sourceTree = "<group>"; };
		C011118D1A04042F00A8C77A /* IQKeyboardManagerConstants.swift */ = {isa = PBXFileReference; fileEncoding = 4; lastKnownFileType = sourcecode.swift; path = IQKeyboardManagerConstants.swift; sourceTree = "<group>"; };
		C011118E1A04042F00A8C77A /* IQKeyboardManagerConstantsInternal.swift */ = {isa = PBXFileReference; fileEncoding = 4; lastKnownFileType = sourcecode.swift; path = IQKeyboardManagerConstantsInternal.swift; sourceTree = "<group>"; };
		C011118F1A04042F00A8C77A /* IQKeyboardManager.swift */ = {isa = PBXFileReference; fileEncoding = 4; lastKnownFileType = sourcecode.swift; path = IQKeyboardManager.swift; sourceTree = "<group>"; };
		C01111901A04042F00A8C77A /* IQKeyboardReturnKeyHandler.swift */ = {isa = PBXFileReference; fileEncoding = 4; lastKnownFileType = sourcecode.swift; path = IQKeyboardReturnKeyHandler.swift; sourceTree = "<group>"; };
		C01111921A04042F00A8C77A /* IQTextView.swift */ = {isa = PBXFileReference; fileEncoding = 4; lastKnownFileType = sourcecode.swift; path = IQTextView.swift; sourceTree = "<group>"; };
		C01111941A04042F00A8C77A /* IQBarButtonItem.swift */ = {isa = PBXFileReference; fileEncoding = 4; lastKnownFileType = sourcecode.swift; path = IQBarButtonItem.swift; sourceTree = "<group>"; };
		C01111951A04042F00A8C77A /* IQTitleBarButtonItem.swift */ = {isa = PBXFileReference; fileEncoding = 4; lastKnownFileType = sourcecode.swift; path = IQTitleBarButtonItem.swift; sourceTree = "<group>"; };
		C01111961A04042F00A8C77A /* IQToolbar.swift */ = {isa = PBXFileReference; fileEncoding = 4; lastKnownFileType = sourcecode.swift; path = IQToolbar.swift; sourceTree = "<group>"; };
		C01111971A04042F00A8C77A /* IQUIView+IQKeyboardToolbar.swift */ = {isa = PBXFileReference; fileEncoding = 4; lastKnownFileType = sourcecode.swift; path = "IQUIView+IQKeyboardToolbar.swift"; sourceTree = "<group>"; };
		C01111991A04042F00A8C77A /* IQKeyboardManager.bundle */ = {isa = PBXFileReference; lastKnownFileType = "wrapper.plug-in"; path = IQKeyboardManager.bundle; sourceTree = "<group>"; };
		C01111A91A0409B000A8C77A /* KOFDemoTV.mov */ = {isa = PBXFileReference; lastKnownFileType = video.quicktime; path = KOFDemoTV.mov; sourceTree = "<group>"; };
		C0161BF21A02BF9800010370 /* KCOPerfil.swift */ = {isa = PBXFileReference; fileEncoding = 4; lastKnownFileType = sourcecode.swift; path = KCOPerfil.swift; sourceTree = "<group>"; };
		C0161BF41A02BFC600010370 /* KCOAgenda.swift */ = {isa = PBXFileReference; fileEncoding = 4; lastKnownFileType = sourcecode.swift; path = KCOAgenda.swift; sourceTree = "<group>"; };
		C0161BF61A02C01A00010370 /* KCOBolsaDeTrabajo.swift */ = {isa = PBXFileReference; fileEncoding = 4; lastKnownFileType = sourcecode.swift; path = KCOBolsaDeTrabajo.swift; sourceTree = "<group>"; };
		C0161BF81A02C04900010370 /* KCOChat.swift */ = {isa = PBXFileReference; fileEncoding = 4; lastKnownFileType = sourcecode.swift; path = KCOChat.swift; sourceTree = "<group>"; };
		C0161BFA1A02C06800010370 /* KCOMuro.swift */ = {isa = PBXFileReference; fileEncoding = 4; lastKnownFileType = sourcecode.swift; path = KCOMuro.swift; sourceTree = "<group>"; };
		C0161BFC1A02C07C00010370 /* KCOCalendario.swift */ = {isa = PBXFileReference; fileEncoding = 4; lastKnownFileType = sourcecode.swift; path = KCOCalendario.swift; sourceTree = "<group>"; };
		C0161BFE1A02C0AA00010370 /* KCOArticulo.swift */ = {isa = PBXFileReference; fileEncoding = 4; lastKnownFileType = sourcecode.swift; path = KCOArticulo.swift; sourceTree = "<group>"; };
		C0161C041A02C28500010370 /* MediaPlayer.framework */ = {isa = PBXFileReference; lastKnownFileType = wrapper.framework; name = MediaPlayer.framework; path = System/Library/Frameworks/MediaPlayer.framework; sourceTree = SDKROOT; };
		C0161C081A02C3E500010370 /* KCOVideo.swift */ = {isa = PBXFileReference; fileEncoding = 4; lastKnownFileType = sourcecode.swift; path = KCOVideo.swift; sourceTree = "<group>"; };
		C0161C0A1A02C6D000010370 /* KCOJuego.swift */ = {isa = PBXFileReference; fileEncoding = 4; lastKnownFileType = sourcecode.swift; path = KCOJuego.swift; sourceTree = "<group>"; };
		C0161C0F1A02DF8400010370 /* Booklet.jpg */ = {isa = PBXFileReference; lastKnownFileType = image.jpeg; path = Booklet.jpg; sourceTree = "<group>"; };
		C0161C111A02E4CB00010370 /* Articulo01.png */ = {isa = PBXFileReference; lastKnownFileType = image.png; path = Articulo01.png; sourceTree = "<group>"; };
		C0161C171A02E4CB00010370 /* BackgroundArticulos.jpg */ = {isa = PBXFileReference; lastKnownFileType = image.jpeg; path = BackgroundArticulos.jpg; sourceTree = "<group>"; };
		C0AD929B1A01637300EF3884 /* KCOMenu.swift */ = {isa = PBXFileReference; fileEncoding = 4; lastKnownFileType = sourcecode.swift; path = KCOMenu.swift; sourceTree = "<group>"; };
		C0AD92A11A017DF000EF3884 /* KCOMenuLiderazgo.swift */ = {isa = PBXFileReference; fileEncoding = 4; lastKnownFileType = sourcecode.swift; name = KCOMenuLiderazgo.swift; path = ../KCOMenuLiderazgo.swift; sourceTree = "<group>"; };
		C0AD92A31A0181E000EF3884 /* KCOBooklet.swift */ = {isa = PBXFileReference; fileEncoding = 4; lastKnownFileType = sourcecode.swift; path = KCOBooklet.swift; sourceTree = "<group>"; };
		C0BB75601A00B3A900B6D5BE /* Femsa.app */ = {isa = PBXFileReference; explicitFileType = wrapper.application; includeInIndex = 0; path = Femsa.app; sourceTree = BUILT_PRODUCTS_DIR; };
		C0BB75641A00B3A900B6D5BE /* Info.plist */ = {isa = PBXFileReference; lastKnownFileType = text.plist.xml; path = Info.plist; sourceTree = "<group>"; };
		C0BB75651A00B3AA00B6D5BE /* AppDelegate.swift */ = {isa = PBXFileReference; lastKnownFileType = sourcecode.swift; path = AppDelegate.swift; sourceTree = "<group>"; };
		C0BB75671A00B3AA00B6D5BE /* ViewController.swift */ = {isa = PBXFileReference; lastKnownFileType = sourcecode.swift; path = ViewController.swift; sourceTree = "<group>"; };
		C0BB756A1A00B3AA00B6D5BE /* Base */ = {isa = PBXFileReference; lastKnownFileType = file.storyboard; name = Base; path = Base.lproj/Main.storyboard; sourceTree = "<group>"; };
		C0BB756C1A00B3AA00B6D5BE /* Images.xcassets */ = {isa = PBXFileReference; lastKnownFileType = folder.assetcatalog; path = Images.xcassets; sourceTree = "<group>"; };
		C0BB756F1A00B3AA00B6D5BE /* Base */ = {isa = PBXFileReference; lastKnownFileType = file.xib; name = Base; path = Base.lproj/LaunchScreen.xib; sourceTree = "<group>"; };
		C0BB75751A00B3AA00B6D5BE /* FemsaTests.xctest */ = {isa = PBXFileReference; explicitFileType = wrapper.cfbundle; includeInIndex = 0; path = FemsaTests.xctest; sourceTree = BUILT_PRODUCTS_DIR; };
		C0BB757A1A00B3AA00B6D5BE /* Info.plist */ = {isa = PBXFileReference; lastKnownFileType = text.plist.xml; path = Info.plist; sourceTree = "<group>"; };
		C0BB757B1A00B3AA00B6D5BE /* FemsaTests.swift */ = {isa = PBXFileReference; lastKnownFileType = sourcecode.swift; path = FemsaTests.swift; sourceTree = "<group>"; };
		C0BB75851A00BCE600B6D5BE /* 1.Splash.jpg */ = {isa = PBXFileReference; lastKnownFileType = image.jpeg; path = 1.Splash.jpg; sourceTree = "<group>"; };
		C0BB75861A00BCE600B6D5BE /* 2.Login.jpg */ = {isa = PBXFileReference; lastKnownFileType = image.jpeg; path = 2.Login.jpg; sourceTree = "<group>"; };
		C0BB75871A00BCE600B6D5BE /* 3.Main-MenuA.jpg */ = {isa = PBXFileReference; lastKnownFileType = image.jpeg; path = "3.Main-MenuA.jpg"; sourceTree = "<group>"; };
		C0BB75881A00BCE600B6D5BE /* 4.Main-Menu.jpg */ = {isa = PBXFileReference; lastKnownFileType = image.jpeg; path = "4.Main-Menu.jpg"; sourceTree = "<group>"; };
		C0BB75891A00BCE600B6D5BE /* 5.Home.jpg */ = {isa = PBXFileReference; lastKnownFileType = image.jpeg; path = 5.Home.jpg; sourceTree = "<group>"; };
		C0BB758A1A00BCE600B6D5BE /* 6.articulos.jpg */ = {isa = PBXFileReference; lastKnownFileType = image.jpeg; path = 6.articulos.jpg; sourceTree = "<group>"; };
		C0BB758B1A00BCE600B6D5BE /* 7.Calendar.jpg */ = {isa = PBXFileReference; lastKnownFileType = image.jpeg; path = 7.Calendar.jpg; sourceTree = "<group>"; };
		C0BB758C1A00BCE600B6D5BE /* 8.chat.jpg */ = {isa = PBXFileReference; lastKnownFileType = image.jpeg; path = 8.chat.jpg; sourceTree = "<group>"; };
		C0BB758D1A00BCE600B6D5BE /* 9.juego.jpg */ = {isa = PBXFileReference; lastKnownFileType = image.jpeg; path = 9.juego.jpg; sourceTree = "<group>"; };
		C0BB758E1A00BCE600B6D5BE /* 10.muro.jpg */ = {isa = PBXFileReference; lastKnownFileType = image.jpeg; path = 10.muro.jpg; sourceTree = "<group>"; };
		C0BB75901A00BCE600B6D5BE /* 12.menuIndEmpleo.jpg */ = {isa = PBXFileReference; lastKnownFileType = image.jpeg; path = 12.menuIndEmpleo.jpg; sourceTree = "<group>"; };
		C0BB759D1A00D6C400B6D5BE /* 11.videos.jpg */ = {isa = PBXFileReference; lastKnownFileType = image.jpeg; path = 11.videos.jpg; sourceTree = "<group>"; };
		C0C41AC81A13CEBA000A7472 /* KCOComercialGameVC.swift */ = {isa = PBXFileReference; fileEncoding = 4; lastKnownFileType = sourcecode.swift; name = KCOComercialGameVC.swift; path = ../KCOComercialGameVC.swift; sourceTree = "<group>"; };
		C0C41ACA1A13E9E7000A7472 /* poster.png */ = {isa = PBXFileReference; lastKnownFileType = image.png; path = poster.png; sourceTree = "<group>"; };
		C0E80D4D1A13CA3B0020AF9D /* JuegoComercial.jpeg */ = {isa = PBXFileReference; lastKnownFileType = image.jpeg; path = JuegoComercial.jpeg; sourceTree = "<group>"; };
/* End PBXFileReference section */

/* Begin PBXFrameworksBuildPhase section */
		C0BB755D1A00B3A900B6D5BE /* Frameworks */ = {
			isa = PBXFrameworksBuildPhase;
			buildActionMask = 2147483647;
			files = (
				C0161C051A02C28600010370 /* MediaPlayer.framework in Frameworks */,
			);
			runOnlyForDeploymentPostprocessing = 0;
		};
		C0BB75721A00B3AA00B6D5BE /* Frameworks */ = {
			isa = PBXFrameworksBuildPhase;
			buildActionMask = 2147483647;
			files = (
			);
			runOnlyForDeploymentPostprocessing = 0;
		};
/* End PBXFrameworksBuildPhase section */

/* Begin PBXGroup section */
		C01111871A04042F00A8C77A /* IQKeybordManagerSwift */ = {
			isa = PBXGroup;
			children = (
				C01111881A04042F00A8C77A /* Categories */,
				C011118C1A04042F00A8C77A /* Constants */,
				C011118F1A04042F00A8C77A /* IQKeyboardManager.swift */,
				C01111901A04042F00A8C77A /* IQKeyboardReturnKeyHandler.swift */,
				C01111911A04042F00A8C77A /* IQTextView */,
				C01111931A04042F00A8C77A /* IQToolbar */,
				C01111981A04042F00A8C77A /* Resources */,
			);
			name = IQKeybordManagerSwift;
			path = TOOLS/IQKeybordManagerSwift;
			sourceTree = "<group>";
		};
		C01111881A04042F00A8C77A /* Categories */ = {
			isa = PBXGroup;
			children = (
				C01111891A04042F00A8C77A /* IQNSArray+Sort.swift */,
				C011118A1A04042F00A8C77A /* IQUIView+Hierarchy.swift */,
				C011118B1A04042F00A8C77A /* IQUIWindow+Hierarchy.swift */,
			);
			path = Categories;
			sourceTree = "<group>";
		};
		C011118C1A04042F00A8C77A /* Constants */ = {
			isa = PBXGroup;
			children = (
				C011118D1A04042F00A8C77A /* IQKeyboardManagerConstants.swift */,
				C011118E1A04042F00A8C77A /* IQKeyboardManagerConstantsInternal.swift */,
			);
			path = Constants;
			sourceTree = "<group>";
		};
		C01111911A04042F00A8C77A /* IQTextView */ = {
			isa = PBXGroup;
			children = (
				C01111921A04042F00A8C77A /* IQTextView.swift */,
			);
			path = IQTextView;
			sourceTree = "<group>";
		};
		C01111931A04042F00A8C77A /* IQToolbar */ = {
			isa = PBXGroup;
			children = (
				C01111941A04042F00A8C77A /* IQBarButtonItem.swift */,
				C01111951A04042F00A8C77A /* IQTitleBarButtonItem.swift */,
				C01111961A04042F00A8C77A /* IQToolbar.swift */,
				C01111971A04042F00A8C77A /* IQUIView+IQKeyboardToolbar.swift */,
			);
			path = IQToolbar;
			sourceTree = "<group>";
		};
		C01111981A04042F00A8C77A /* Resources */ = {
			isa = PBXGroup;
			children = (
				C01111991A04042F00A8C77A /* IQKeyboardManager.bundle */,
			);
			path = Resources;
			sourceTree = "<group>";
		};
		C0BB75571A00B3A900B6D5BE = {
			isa = PBXGroup;
			children = (
				C0161C041A02C28500010370 /* MediaPlayer.framework */,
				C0BB75621A00B3A900B6D5BE /* Femsa */,
				C0BB75781A00B3AA00B6D5BE /* FemsaTests */,
				C0BB75611A00B3A900B6D5BE /* Products */,
			);
			sourceTree = "<group>";
		};
		C0BB75611A00B3A900B6D5BE /* Products */ = {
			isa = PBXGroup;
			children = (
				C0BB75601A00B3A900B6D5BE /* Femsa.app */,
				C0BB75751A00B3AA00B6D5BE /* FemsaTests.xctest */,
			);
			name = Products;
			sourceTree = "<group>";
		};
		C0BB75621A00B3A900B6D5BE /* Femsa */ = {
			isa = PBXGroup;
			children = (
				C01111871A04042F00A8C77A /* IQKeybordManagerSwift */,
				C0161C081A02C3E500010370 /* KCOVideo.swift */,
				BF36622E1A1305DD00705ECA /* KCOPDFViewerVC.swift */,
				C0BB75651A00B3AA00B6D5BE /* AppDelegate.swift */,
				C0BB75671A00B3AA00B6D5BE /* ViewController.swift */,
				C0161BF21A02BF9800010370 /* KCOPerfil.swift */,
				C0161BF41A02BFC600010370 /* KCOAgenda.swift */,
				C0161BF61A02C01A00010370 /* KCOBolsaDeTrabajo.swift */,
				C0161BF81A02C04900010370 /* KCOChat.swift */,
				C0161BFA1A02C06800010370 /* KCOMuro.swift */,
				C0161BFC1A02C07C00010370 /* KCOCalendario.swift */,
				C0161BFE1A02C0AA00010370 /* KCOArticulo.swift */,
				C0AD929B1A01637300EF3884 /* KCOMenu.swift */,
				C0AD92A11A017DF000EF3884 /* KCOMenuLiderazgo.swift */,
				C0AD92A31A0181E000EF3884 /* KCOBooklet.swift */,
				C0161C0A1A02C6D000010370 /* KCOJuego.swift */,
				C0C41AC81A13CEBA000A7472 /* KCOComercialGameVC.swift */,
				C0BB75691A00B3AA00B6D5BE /* Main.storyboard */,
				C0BB756C1A00B3AA00B6D5BE /* Images.xcassets */,
				C0BB756E1A00B3AA00B6D5BE /* LaunchScreen.xib */,
				C0BB75631A00B3A900B6D5BE /* Supporting Files */,
			);
			path = Femsa;
			sourceTree = "<group>";
		};
		C0BB75631A00B3A900B6D5BE /* Supporting Files */ = {
			isa = PBXGroup;
			children = (
				BF1A5AE91A1FFAE000DC769C /* femsa logo.png */,
				C0E80D4D1A13CA3B0020AF9D /* JuegoComercial.jpeg */,
				C0C41ACA1A13E9E7000A7472 /* poster.png */,
				BF3662261A12B5DB00705ECA /* coke01.png */,
				BF3662271A12B5DB00705ECA /* coke02.png */,
				BF3662281A12B5DB00705ECA /* coke03.png */,
				C01111A91A0409B000A8C77A /* KOFDemoTV.mov */,
				C0161C111A02E4CB00010370 /* Articulo01.png */,
				BF3662241A12B54500705ECA /* juego.png */,
				BF3662221A12B41D00705ECA /* juego.jpg */,
				C0161C171A02E4CB00010370 /* BackgroundArticulos.jpg */,
				C0BB75851A00BCE600B6D5BE /* 1.Splash.jpg */,
				C0161C0F1A02DF8400010370 /* Booklet.jpg */,
				C0BB75861A00BCE600B6D5BE /* 2.Login.jpg */,
				BF64C4B91A1523EC00A226CE /* ManualRH.pdf */,
				C0BB759D1A00D6C400B6D5BE /* 11.videos.jpg */,
				C0BB75871A00BCE600B6D5BE /* 3.Main-MenuA.jpg */,
				C0BB75881A00BCE600B6D5BE /* 4.Main-Menu.jpg */,
				C0BB75891A00BCE600B6D5BE /* 5.Home.jpg */,
				C0BB758A1A00BCE600B6D5BE /* 6.articulos.jpg */,
				C0BB758B1A00BCE600B6D5BE /* 7.Calendar.jpg */,
				C0BB758C1A00BCE600B6D5BE /* 8.chat.jpg */,
				C0BB758D1A00BCE600B6D5BE /* 9.juego.jpg */,
				C0BB758E1A00BCE600B6D5BE /* 10.muro.jpg */,
				C0BB75901A00BCE600B6D5BE /* 12.menuIndEmpleo.jpg */,
				C0BB75641A00B3A900B6D5BE /* Info.plist */,
			);
			name = "Supporting Files";
			sourceTree = "<group>";
		};
		C0BB75781A00B3AA00B6D5BE /* FemsaTests */ = {
			isa = PBXGroup;
			children = (
				C0BB757B1A00B3AA00B6D5BE /* FemsaTests.swift */,
				C0BB75791A00B3AA00B6D5BE /* Supporting Files */,
			);
			path = FemsaTests;
			sourceTree = "<group>";
		};
		C0BB75791A00B3AA00B6D5BE /* Supporting Files */ = {
			isa = PBXGroup;
			children = (
				C0BB757A1A00B3AA00B6D5BE /* Info.plist */,
			);
			name = "Supporting Files";
			sourceTree = "<group>";
		};
/* End PBXGroup section */

/* Begin PBXNativeTarget section */
		C0BB755F1A00B3A900B6D5BE /* Femsa */ = {
			isa = PBXNativeTarget;
			buildConfigurationList = C0BB757F1A00B3AA00B6D5BE /* Build configuration list for PBXNativeTarget "Femsa" */;
			buildPhases = (
				C0BB755C1A00B3A900B6D5BE /* Sources */,
				BF15B4571A1D65E600E2BC96 /* ShellScript */,
				C0BB755D1A00B3A900B6D5BE /* Frameworks */,
				C0BB755E1A00B3A900B6D5BE /* Resources */,
			);
			buildRules = (
			);
			dependencies = (
			);
			name = Femsa;
			productName = Femsa;
			productReference = C0BB75601A00B3A900B6D5BE /* Femsa.app */;
			productType = "com.apple.product-type.application";
		};
		C0BB75741A00B3AA00B6D5BE /* FemsaTests */ = {
			isa = PBXNativeTarget;
			buildConfigurationList = C0BB75821A00B3AA00B6D5BE /* Build configuration list for PBXNativeTarget "FemsaTests" */;
			buildPhases = (
				C0BB75711A00B3AA00B6D5BE /* Sources */,
				C0BB75721A00B3AA00B6D5BE /* Frameworks */,
				C0BB75731A00B3AA00B6D5BE /* Resources */,
			);
			buildRules = (
			);
			dependencies = (
				C0BB75771A00B3AA00B6D5BE /* PBXTargetDependency */,
			);
			name = FemsaTests;
			productName = FemsaTests;
			productReference = C0BB75751A00B3AA00B6D5BE /* FemsaTests.xctest */;
			productType = "com.apple.product-type.bundle.unit-test";
		};
/* End PBXNativeTarget section */

/* Begin PBXProject section */
		C0BB75581A00B3A900B6D5BE /* Project object */ = {
			isa = PBXProject;
			attributes = {
				LastUpgradeCheck = 0610;
				ORGANIZATIONNAME = JCKreactiveco001;
				TargetAttributes = {
					C0BB755F1A00B3A900B6D5BE = {
						CreatedOnToolsVersion = 6.1;
						DevelopmentTeam = 884LFU3L56;
					};
					C0BB75741A00B3AA00B6D5BE = {
						CreatedOnToolsVersion = 6.1;
						TestTargetID = C0BB755F1A00B3A900B6D5BE;
					};
				};
			};
			buildConfigurationList = C0BB755B1A00B3A900B6D5BE /* Build configuration list for PBXProject "Femsa" */;
			compatibilityVersion = "Xcode 3.2";
			developmentRegion = English;
			hasScannedForEncodings = 0;
			knownRegions = (
				en,
				Base,
			);
			mainGroup = C0BB75571A00B3A900B6D5BE;
			productRefGroup = C0BB75611A00B3A900B6D5BE /* Products */;
			projectDirPath = "";
			projectRoot = "";
			targets = (
				C0BB755F1A00B3A900B6D5BE /* Femsa */,
				C0BB75741A00B3AA00B6D5BE /* FemsaTests */,
			);
		};
/* End PBXProject section */

/* Begin PBXResourcesBuildPhase section */
		C0BB755E1A00B3A900B6D5BE /* Resources */ = {
			isa = PBXResourcesBuildPhase;
			buildActionMask = 2147483647;
			files = (
				C0BB75921A00BCE600B6D5BE /* 2.Login.jpg in Resources */,
				C0BB756B1A00B3AA00B6D5BE /* Main.storyboard in Resources */,
				BF1A5AEA1A1FFAE000DC769C /* femsa logo.png in Resources */,
				BF3662251A12B54500705ECA /* juego.png in Resources */,
				C0BB75971A00BCE600B6D5BE /* 7.Calendar.jpg in Resources */,
				BF36622B1A12B5DB00705ECA /* coke03.png in Resources */,
				C0BB75911A00BCE600B6D5BE /* 1.Splash.jpg in Resources */,
				BF36622A1A12B5DB00705ECA /* coke02.png in Resources */,
				C0BB75701A00B3AA00B6D5BE /* LaunchScreen.xib in Resources */,
				C01111A61A04042F00A8C77A /* IQKeyboardManager.bundle in Resources */,
				BF3662231A12B41D00705ECA /* juego.jpg in Resources */,
				BF64C4BB1A1523EC00A226CE /* ManualRH.pdf in Resources */,
				C0BB759E1A00D6C400B6D5BE /* 11.videos.jpg in Resources */,
				C0161C101A02DF8400010370 /* Booklet.jpg in Resources */,
				C0BB75931A00BCE600B6D5BE /* 3.Main-MenuA.jpg in Resources */,
				C0BB75951A00BCE600B6D5BE /* 5.Home.jpg in Resources */,
				C0BB759A1A00BCE600B6D5BE /* 10.muro.jpg in Resources */,
				C0161C1E1A02E4CB00010370 /* BackgroundArticulos.jpg in Resources */,
				C0BB75991A00BCE600B6D5BE /* 9.juego.jpg in Resources */,
				C0BB75961A00BCE600B6D5BE /* 6.articulos.jpg in Resources */,
				C0161C181A02E4CB00010370 /* Articulo01.png in Resources */,
				C0C41ACB1A13E9E7000A7472 /* poster.png in Resources */,
				C0BB75981A00BCE600B6D5BE /* 8.chat.jpg in Resources */,
				BF3662291A12B5DB00705ECA /* coke01.png in Resources */,
				C0BB759C1A00BCE600B6D5BE /* 12.menuIndEmpleo.jpg in Resources */,
				C0E80D4E1A13CA3B0020AF9D /* JuegoComercial.jpeg in Resources */,
				C0BB756D1A00B3AA00B6D5BE /* Images.xcassets in Resources */,
				C0BB75941A00BCE600B6D5BE /* 4.Main-Menu.jpg in Resources */,
				C01111AA1A0409B000A8C77A /* KOFDemoTV.mov in Resources */,
			);
			runOnlyForDeploymentPostprocessing = 0;
		};
		C0BB75731A00B3AA00B6D5BE /* Resources */ = {
			isa = PBXResourcesBuildPhase;
			buildActionMask = 2147483647;
			files = (
			);
			runOnlyForDeploymentPostprocessing = 0;
		};
/* End PBXResourcesBuildPhase section */

/* Begin PBXShellScriptBuildPhase section */
		BF15B4571A1D65E600E2BC96 /* ShellScript */ = {
			isa = PBXShellScriptBuildPhase;
			buildActionMask = 2147483647;
			files = (
			);
			inputPaths = (
			);
			outputPaths = (
			);
			runOnlyForDeploymentPostprocessing = 0;
			shellPath = /bin/sh;
			shellScript = "buildNumber=$(/usr/libexec/PlistBuddy -c \"Print CFBundleVersion\" \"$INFOPLIST_FILE\")\n\nbuildNumber=$(($buildNumber + 1))\n\n/usr/libexec/PlistBuddy -c \"Set :CFBundleVersion $buildNumber\" \"$INFOPLIST_FILE\"";
		};
/* End PBXShellScriptBuildPhase section */

/* Begin PBXSourcesBuildPhase section */
		C0BB755C1A00B3A900B6D5BE /* Sources */ = {
			isa = PBXSourcesBuildPhase;
			buildActionMask = 2147483647;
			files = (
				C011119B1A04042F00A8C77A /* IQUIView+Hierarchy.swift in Sources */,
				C0AD92A21A017DF000EF3884 /* KCOMenuLiderazgo.swift in Sources */,
				C01111A01A04042F00A8C77A /* IQKeyboardReturnKeyHandler.swift in Sources */,
				C0AD92A41A0181E000EF3884 /* KCOBooklet.swift in Sources */,
				C0161BFB1A02C06800010370 /* KCOMuro.swift in Sources */,
				C0BB75681A00B3AA00B6D5BE /* ViewController.swift in Sources */,
				C0161BFF1A02C0AA00010370 /* KCOArticulo.swift in Sources */,
				C01111A21A04042F00A8C77A /* IQBarButtonItem.swift in Sources */,
				C0AD929C1A01637300EF3884 /* KCOMenu.swift in Sources */,
				C01111A31A04042F00A8C77A /* IQTitleBarButtonItem.swift in Sources */,
				C0161C0B1A02C6D000010370 /* KCOJuego.swift in Sources */,
				C0161BFD1A02C07C00010370 /* KCOCalendario.swift in Sources */,
				C0161BF71A02C01A00010370 /* KCOBolsaDeTrabajo.swift in Sources */,
				BF36622F1A1305DD00705ECA /* KCOPDFViewerVC.swift in Sources */,
				C01111A41A04042F00A8C77A /* IQToolbar.swift in Sources */,
				C011119D1A04042F00A8C77A /* IQKeyboardManagerConstants.swift in Sources */,
				C0161C091A02C3E500010370 /* KCOVideo.swift in Sources */,
				C0BB75661A00B3AA00B6D5BE /* AppDelegate.swift in Sources */,
				C011119E1A04042F00A8C77A /* IQKeyboardManagerConstantsInternal.swift in Sources */,
				C0C41AC91A13CEBA000A7472 /* KCOComercialGameVC.swift in Sources */,
				C01111A51A04042F00A8C77A /* IQUIView+IQKeyboardToolbar.swift in Sources */,
				C011119A1A04042F00A8C77A /* IQNSArray+Sort.swift in Sources */,
				C011119C1A04042F00A8C77A /* IQUIWindow+Hierarchy.swift in Sources */,
				C011119F1A04042F00A8C77A /* IQKeyboardManager.swift in Sources */,
				C0161BF31A02BF9800010370 /* KCOPerfil.swift in Sources */,
				C01111A11A04042F00A8C77A /* IQTextView.swift in Sources */,
				C0161BF91A02C04900010370 /* KCOChat.swift in Sources */,
				C0161BF51A02BFC600010370 /* KCOAgenda.swift in Sources */,
			);
			runOnlyForDeploymentPostprocessing = 0;
		};
		C0BB75711A00B3AA00B6D5BE /* Sources */ = {
			isa = PBXSourcesBuildPhase;
			buildActionMask = 2147483647;
			files = (
				C0BB757C1A00B3AA00B6D5BE /* FemsaTests.swift in Sources */,
			);
			runOnlyForDeploymentPostprocessing = 0;
		};
/* End PBXSourcesBuildPhase section */

/* Begin PBXTargetDependency section */
		C0BB75771A00B3AA00B6D5BE /* PBXTargetDependency */ = {
			isa = PBXTargetDependency;
			target = C0BB755F1A00B3A900B6D5BE /* Femsa */;
			targetProxy = C0BB75761A00B3AA00B6D5BE /* PBXContainerItemProxy */;
		};
/* End PBXTargetDependency section */

/* Begin PBXVariantGroup section */
		C0BB75691A00B3AA00B6D5BE /* Main.storyboard */ = {
			isa = PBXVariantGroup;
			children = (
				C0BB756A1A00B3AA00B6D5BE /* Base */,
			);
			name = Main.storyboard;
			sourceTree = "<group>";
		};
		C0BB756E1A00B3AA00B6D5BE /* LaunchScreen.xib */ = {
			isa = PBXVariantGroup;
			children = (
				C0BB756F1A00B3AA00B6D5BE /* Base */,
			);
			name = LaunchScreen.xib;
			sourceTree = "<group>";
		};
/* End PBXVariantGroup section */

/* Begin XCBuildConfiguration section */
		C0BB757D1A00B3AA00B6D5BE /* Debug */ = {
			isa = XCBuildConfiguration;
			buildSettings = {
				ALWAYS_SEARCH_USER_PATHS = NO;
				CLANG_CXX_LANGUAGE_STANDARD = "gnu++0x";
				CLANG_CXX_LIBRARY = "libc++";
				CLANG_ENABLE_MODULES = YES;
				CLANG_ENABLE_OBJC_ARC = YES;
				CLANG_WARN_BOOL_CONVERSION = YES;
				CLANG_WARN_CONSTANT_CONVERSION = YES;
				CLANG_WARN_DIRECT_OBJC_ISA_USAGE = YES_ERROR;
				CLANG_WARN_EMPTY_BODY = YES;
				CLANG_WARN_ENUM_CONVERSION = YES;
				CLANG_WARN_INT_CONVERSION = YES;
				CLANG_WARN_OBJC_ROOT_CLASS = YES_ERROR;
				CLANG_WARN_UNREACHABLE_CODE = YES;
				CLANG_WARN__DUPLICATE_METHOD_MATCH = YES;
				"CODE_SIGN_IDENTITY[sdk=iphoneos*]" = "iPhone Developer";
				COPY_PHASE_STRIP = NO;
				ENABLE_STRICT_OBJC_MSGSEND = YES;
				GCC_C_LANGUAGE_STANDARD = gnu99;
				GCC_DYNAMIC_NO_PIC = NO;
				GCC_OPTIMIZATION_LEVEL = 0;
				GCC_PREPROCESSOR_DEFINITIONS = (
					"DEBUG=1",
					"$(inherited)",
				);
				GCC_SYMBOLS_PRIVATE_EXTERN = NO;
				GCC_WARN_64_TO_32_BIT_CONVERSION = YES;
				GCC_WARN_ABOUT_RETURN_TYPE = YES_ERROR;
				GCC_WARN_UNDECLARED_SELECTOR = YES;
				GCC_WARN_UNINITIALIZED_AUTOS = YES_AGGRESSIVE;
				GCC_WARN_UNUSED_FUNCTION = YES;
				GCC_WARN_UNUSED_VARIABLE = YES;
				IPHONEOS_DEPLOYMENT_TARGET = 8.1;
				MTL_ENABLE_DEBUG_INFO = YES;
				ONLY_ACTIVE_ARCH = YES;
				SDKROOT = iphoneos;
				SWIFT_OPTIMIZATION_LEVEL = "-Onone";
			};
			name = Debug;
		};
		C0BB757E1A00B3AA00B6D5BE /* Release */ = {
			isa = XCBuildConfiguration;
			buildSettings = {
				ALWAYS_SEARCH_USER_PATHS = NO;
				CLANG_CXX_LANGUAGE_STANDARD = "gnu++0x";
				CLANG_CXX_LIBRARY = "libc++";
				CLANG_ENABLE_MODULES = YES;
				CLANG_ENABLE_OBJC_ARC = YES;
				CLANG_WARN_BOOL_CONVERSION = YES;
				CLANG_WARN_CONSTANT_CONVERSION = YES;
				CLANG_WARN_DIRECT_OBJC_ISA_USAGE = YES_ERROR;
				CLANG_WARN_EMPTY_BODY = YES;
				CLANG_WARN_ENUM_CONVERSION = YES;
				CLANG_WARN_INT_CONVERSION = YES;
				CLANG_WARN_OBJC_ROOT_CLASS = YES_ERROR;
				CLANG_WARN_UNREACHABLE_CODE = YES;
				CLANG_WARN__DUPLICATE_METHOD_MATCH = YES;
				"CODE_SIGN_IDENTITY[sdk=iphoneos*]" = "iPhone Developer";
				COPY_PHASE_STRIP = YES;
				ENABLE_NS_ASSERTIONS = NO;
				ENABLE_STRICT_OBJC_MSGSEND = YES;
				GCC_C_LANGUAGE_STANDARD = gnu99;
				GCC_WARN_64_TO_32_BIT_CONVERSION = YES;
				GCC_WARN_ABOUT_RETURN_TYPE = YES_ERROR;
				GCC_WARN_UNDECLARED_SELECTOR = YES;
				GCC_WARN_UNINITIALIZED_AUTOS = YES_AGGRESSIVE;
				GCC_WARN_UNUSED_FUNCTION = YES;
				GCC_WARN_UNUSED_VARIABLE = YES;
				IPHONEOS_DEPLOYMENT_TARGET = 8.1;
				MTL_ENABLE_DEBUG_INFO = NO;
				SDKROOT = iphoneos;
				VALIDATE_PRODUCT = YES;
			};
			name = Release;
		};
		C0BB75801A00B3AA00B6D5BE /* Debug */ = {
			isa = XCBuildConfiguration;
			buildSettings = {
				ASSETCATALOG_COMPILER_APPICON_NAME = AppIcon;
				ASSETCATALOG_COMPILER_LAUNCHIMAGE_NAME = LaunchImage;
				CODE_SIGN_IDENTITY = "iPhone Developer: Luis E Flores Bolivar (67H8U96F68)";
				INFOPLIST_FILE = Femsa/Info.plist;
				LD_RUNPATH_SEARCH_PATHS = "$(inherited) @executable_path/Frameworks";
				PRODUCT_NAME = "$(TARGET_NAME)";
				PROVISIONING_PROFILE = "4f92cd0b-1da8-47ae-9451-3d1dc2990b29";
			};
			name = Debug;
		};
		C0BB75811A00B3AA00B6D5BE /* Release */ = {
			isa = XCBuildConfiguration;
			buildSettings = {
				ASSETCATALOG_COMPILER_APPICON_NAME = AppIcon;
				ASSETCATALOG_COMPILER_LAUNCHIMAGE_NAME = LaunchImage;
				CODE_SIGN_IDENTITY = "iPhone Developer: Luis E Flores Bolivar (67H8U96F68)";
				INFOPLIST_FILE = Femsa/Info.plist;
				LD_RUNPATH_SEARCH_PATHS = "$(inherited) @executable_path/Frameworks";
				PRODUCT_NAME = "$(TARGET_NAME)";
				PROVISIONING_PROFILE = "4f92cd0b-1da8-47ae-9451-3d1dc2990b29";
			};
			name = Release;
		};
		C0BB75831A00B3AA00B6D5BE /* Debug */ = {
			isa = XCBuildConfiguration;
			buildSettings = {
				BUNDLE_LOADER = "$(TEST_HOST)";
				FRAMEWORK_SEARCH_PATHS = (
					"$(SDKROOT)/Developer/Library/Frameworks",
					"$(inherited)",
				);
				GCC_PREPROCESSOR_DEFINITIONS = (
					"DEBUG=1",
					"$(inherited)",
				);
				INFOPLIST_FILE = FemsaTests/Info.plist;
				LD_RUNPATH_SEARCH_PATHS = "$(inherited) @executable_path/Frameworks @loader_path/Frameworks";
				PRODUCT_NAME = "$(TARGET_NAME)";
				TEST_HOST = "$(BUILT_PRODUCTS_DIR)/Femsa.app/Femsa";
			};
			name = Debug;
		};
		C0BB75841A00B3AA00B6D5BE /* Release */ = {
			isa = XCBuildConfiguration;
			buildSettings = {
				BUNDLE_LOADER = "$(TEST_HOST)";
				FRAMEWORK_SEARCH_PATHS = (
					"$(SDKROOT)/Developer/Library/Frameworks",
					"$(inherited)",
				);
				INFOPLIST_FILE = FemsaTests/Info.plist;
				LD_RUNPATH_SEARCH_PATHS = "$(inherited) @executable_path/Frameworks @loader_path/Frameworks";
				PRODUCT_NAME = "$(TARGET_NAME)";
				TEST_HOST = "$(BUILT_PRODUCTS_DIR)/Femsa.app/Femsa";
			};
			name = Release;
		};
/* End XCBuildConfiguration section */

/* Begin XCConfigurationList section */
		C0BB755B1A00B3A900B6D5BE /* Build configuration list for PBXProject "Femsa" */ = {
			isa = XCConfigurationList;
			buildConfigurations = (
				C0BB757D1A00B3AA00B6D5BE /* Debug */,
				C0BB757E1A00B3AA00B6D5BE /* Release */,
			);
			defaultConfigurationIsVisible = 0;
			defaultConfigurationName = Release;
		};
		C0BB757F1A00B3AA00B6D5BE /* Build configuration list for PBXNativeTarget "Femsa" */ = {
			isa = XCConfigurationList;
			buildConfigurations = (
				C0BB75801A00B3AA00B6D5BE /* Debug */,
				C0BB75811A00B3AA00B6D5BE /* Release */,
			);
			defaultConfigurationIsVisible = 0;
			defaultConfigurationName = Release;
		};
		C0BB75821A00B3AA00B6D5BE /* Build configuration list for PBXNativeTarget "FemsaTests" */ = {
			isa = XCConfigurationList;
			buildConfigurations = (
				C0BB75831A00B3AA00B6D5BE /* Debug */,
				C0BB75841A00B3AA00B6D5BE /* Release */,
			);
			defaultConfigurationIsVisible = 0;
			defaultConfigurationName = Release;
		};
/* End XCConfigurationList section */
	};
	rootObject = C0BB75581A00B3A900B6D5BE /* Project object */;
}
